# THIS IS AN AUTOGENERATED FILE. DO NOT EDIT THIS FILE DIRECTLY.
# yarn lockfile v1


weui-miniprogram@^0.2.1:
  version "0.2.1"
  resolved "https://registry.yarnpkg.com/weui-miniprogram/-/weui-miniprogram-0.2.1.tgz#419c09d3c0043854cbdcdd411727bbea814cdf48"
  integrity sha512-Of/r4QwmlzMwvpW9BQHcL/KW3WV5kw+7yxCFSob3UIqMpwLxKHuBrQajuCVkM3CbqxIpc0XWyDYnpCWk3VkLYg==
